Microsoft Visual Studio Solution File, Format Version 12.00
# Visual Studio 14
VisualStudioVersion = 14.0.23107.0
MinimumVisualStudioVersion = 10.0.40219.1
Project("{FAE04EC0-301F-11D3-BF4B-00C04F79EFBC}") = "Connect.FlickrGallery", "Server\FlickrGallery\Connect.FlickrGallery.csproj", "{6A524908-CE17-4001-9308-65E2B34DFECB}"
EndProject
Project("{FAE04EC0-301F-11D3-BF4B-00C04F79EFBC}") = "Connect.FlickrGallery.Core", "Server\Connect.FlickrGallery.Core\Connect.FlickrGallery.Core.csproj", "{1AB38EAA-A1CA-400E-A41A-C58551A6B3A8}"
EndProject
Global
	GlobalSection(SolutionConfigurationPlatforms) = preSolution
		Debug|Any CPU = Debug|Any CPU
		Release|Any CPU = Release|Any CPU
	EndGlobalSection
	GlobalSection(ProjectConfigurationPlatforms) = postSolution
		{6A524908-CE17-4001-9308-65E2B34DFECB}.Debug|Any CPU.ActiveCfg = Debug|Any CPU
		{6A524908-CE17-4001-9308-65E2B34DFECB}.Debug|Any CPU.Build.0 = Debug|Any CPU
		{6A524908-CE17-4001-9308-65E2B34DFECB}.Release|Any CPU.ActiveCfg = Release|Any CPU
		{6A524908-CE17-4001-9308-65E2B34DFECB}.Release|Any CPU.Build.0 = Release|Any CPU
		{1AB38EAA-A1CA-400E-A41A-C58551A6B3A8}.Debug|Any CPU.ActiveCfg = Debug|Any CPU
		{1AB38EAA-A1CA-400E-A41A-C58551A6B3A8}.Debug|Any CPU.Build.0 = Debug|Any CPU
		{1AB38EAA-A1CA-400E-A41A-C58551A6B3A8}.Release|Any CPU.ActiveCfg = Release|Any CPU
		{1AB38EAA-A1CA-400E-A41A-C58551A6B3A8}.Release|Any CPU.Build.0 = Release|Any CPU
	EndGlobalSection
	GlobalSection(SolutionProperties) = preSolution
		HideSolutionNode = FALSE
	EndGlobalSection
EndGlobal
